
Microsoft Visual Studio Solution File, Format Version 12.00
# Visual Studio Version 17
VisualStudioVersion = 17.6.33617.297
MinimumVisualStudioVersion = 10.0.40219.1
Project("{FAE04EC0-301F-11D3-BF4B-00C04F79EFBC}") = "MangaWebApp", "MangaWebApp\MangaWebApp.csproj", "{CC1C4E04-579B-41CB-BFDA-FB9A97881B3F}"
EndProject
Global
	GlobalSection(SolutionConfigurationPlatforms) = preSolution
		Debug|Any CPU = Debug|Any CPU
		Release|Any CPU = Release|Any CPU
	EndGlobalSection
	GlobalSection(ProjectConfigurationPlatforms) = postSolution
		{CC1C4E04-579B-41CB-BFDA-FB9A97881B3F}.Debug|Any CPU.ActiveCfg = Debug|Any CPU
		{CC1C4E04-579B-41CB-BFDA-FB9A97881B3F}.Debug|Any CPU.Build.0 = Debug|Any CPU
		{CC1C4E04-579B-41CB-BFDA-FB9A97881B3F}.Release|Any CPU.ActiveCfg = Release|Any CPU
		{CC1C4E04-579B-41CB-BFDA-FB9A97881B3F}.Release|Any CPU.Build.0 = Release|Any CPU
	EndGlobalSection
	GlobalSection(SolutionProperties) = preSolution
		HideSolutionNode = FALSE
	EndGlobalSection
	GlobalSection(ExtensibilityGlobals) = postSolution
		SolutionGuid = {86BE45A2-9CE7-461B-96AA-4072F5AA9508}
	EndGlobalSection
EndGlobal
